// !$*UTF8*$!
{
	archiveVersion = 1;
	classes = {
	};
	objectVersion = 50;
	objects = {

/* Begin PBXBuildFile section */
		102CA83AC221E29E3DBC5AD0 /* libPods-EduARTests.a in Frameworks */ = {isa = PBXBuildFile; fileRef = 174F832C17354BC1E991F32C /* libPods-EduARTests.a */; };
		825312C7235DB3B200D15967 /* ARList.storyboard in Resources */ = {isa = PBXBuildFile; fileRef = 825312C0235DB3B200D15967 /* ARList.storyboard */; };
		825312C8235DB3B200D15967 /* ARListInterfaces.swift in Sources */ = {isa = PBXBuildFile; fileRef = 825312C1235DB3B200D15967 /* ARListInterfaces.swift */; };
		825312C9235DB3B200D15967 /* ARListPresenter.swift in Sources */ = {isa = PBXBuildFile; fileRef = 825312C2235DB3B200D15967 /* ARListPresenter.swift */; };
		825312CA235DB3B200D15967 /* ARListRouter.swift in Sources */ = {isa = PBXBuildFile; fileRef = 825312C3235DB3B200D15967 /* ARListRouter.swift */; };
		825312CB235DB3B200D15967 /* ARListViewController.swift in Sources */ = {isa = PBXBuildFile; fileRef = 825312C4235DB3B200D15967 /* ARListViewController.swift */; };
		825312CC235DB3B200D15967 /* ARListBuilder.swift in Sources */ = {isa = PBXBuildFile; fileRef = 825312C5235DB3B200D15967 /* ARListBuilder.swift */; };
		825312CD235DB3B200D15967 /* ARListInteractor.swift in Sources */ = {isa = PBXBuildFile; fileRef = 825312C6235DB3B200D15967 /* ARListInteractor.swift */; };
		825312CF235DB58500D15967 /* ARListCell.xib in Resources */ = {isa = PBXBuildFile; fileRef = 825312CE235DB58500D15967 /* ARListCell.xib */; };
		825312D1235DB70C00D15967 /* ARListCell.swift in Sources */ = {isa = PBXBuildFile; fileRef = 825312D0235DB70C00D15967 /* ARListCell.swift */; };
		8281FB31235F031C00CB015A /* ErrorView.storyboard in Resources */ = {isa = PBXBuildFile; fileRef = 8281FB2A235F031C00CB015A /* ErrorView.storyboard */; };
		8281FB32235F031C00CB015A /* ErrorViewInterfaces.swift in Sources */ = {isa = PBXBuildFile; fileRef = 8281FB2B235F031C00CB015A /* ErrorViewInterfaces.swift */; };
		8281FB33235F031C00CB015A /* ErrorViewPresenter.swift in Sources */ = {isa = PBXBuildFile; fileRef = 8281FB2C235F031C00CB015A /* ErrorViewPresenter.swift */; };
		8281FB34235F031C00CB015A /* ErrorViewRouter.swift in Sources */ = {isa = PBXBuildFile; fileRef = 8281FB2D235F031C00CB015A /* ErrorViewRouter.swift */; };
		8281FB35235F031C00CB015A /* ErrorViewViewController.swift in Sources */ = {isa = PBXBuildFile; fileRef = 8281FB2E235F031C00CB015A /* ErrorViewViewController.swift */; };
		8281FB36235F031C00CB015A /* ErrorViewBuilder.swift in Sources */ = {isa = PBXBuildFile; fileRef = 8281FB2F235F031C00CB015A /* ErrorViewBuilder.swift */; };
		8281FB37235F031C00CB015A /* ErrorViewInteractor.swift in Sources */ = {isa = PBXBuildFile; fileRef = 8281FB30235F031C00CB015A /* ErrorViewInteractor.swift */; };
		84118AE4235EC78000C9FD78 /* GoogleService-Info.plist in Resources */ = {isa = PBXBuildFile; fileRef = 84118AE3235EC78000C9FD78 /* GoogleService-Info.plist */; };
		8414C90C234D887700E78AF1 /* AppDelegate.swift in Sources */ = {isa = PBXBuildFile; fileRef = 8414C90B234D887700E78AF1 /* AppDelegate.swift */; };
		8414C90E234D887700E78AF1 /* SceneDelegate.swift in Sources */ = {isa = PBXBuildFile; fileRef = 8414C90D234D887700E78AF1 /* SceneDelegate.swift */; };
		8414C913234D887700E78AF1 /* Main.storyboard in Resources */ = {isa = PBXBuildFile; fileRef = 8414C911234D887700E78AF1 /* Main.storyboard */; };
		8414C915234D887800E78AF1 /* Assets.xcassets in Resources */ = {isa = PBXBuildFile; fileRef = 8414C914234D887800E78AF1 /* Assets.xcassets */; };
		8414C918234D887800E78AF1 /* LaunchScreen.storyboard in Resources */ = {isa = PBXBuildFile; fileRef = 8414C916234D887800E78AF1 /* LaunchScreen.storyboard */; };
		8414C923234D887900E78AF1 /* EduARTests.swift in Sources */ = {isa = PBXBuildFile; fileRef = 8414C922234D887900E78AF1 /* EduARTests.swift */; };
		844CA81D234DCBA7004593AA /* Common.framework in Frameworks */ = {isa = PBXBuildFile; fileRef = 844CA81C234DCBA7004593AA /* Common.framework */; };
		844CA81E234DCBA7004593AA /* Common.framework in Embed Frameworks */ = {isa = PBXBuildFile; fileRef = 844CA81C234DCBA7004593AA /* Common.framework */; settings = {ATTRIBUTES = (CodeSignOnCopy, RemoveHeadersOnCopy, ); }; };
		844CA894234DDB72004593AA /* ARScreen.storyboard in Resources */ = {isa = PBXBuildFile; fileRef = 844CA88D234DDB72004593AA /* ARScreen.storyboard */; };
		844CA895234DDB72004593AA /* ARScreenInterfaces.swift in Sources */ = {isa = PBXBuildFile; fileRef = 844CA88E234DDB72004593AA /* ARScreenInterfaces.swift */; };
		844CA896234DDB72004593AA /* ARScreenPresenter.swift in Sources */ = {isa = PBXBuildFile; fileRef = 844CA88F234DDB72004593AA /* ARScreenPresenter.swift */; };
		844CA897234DDB72004593AA /* ARScreenRouter.swift in Sources */ = {isa = PBXBuildFile; fileRef = 844CA890234DDB72004593AA /* ARScreenRouter.swift */; };
		844CA898234DDB72004593AA /* ARScreenViewController.swift in Sources */ = {isa = PBXBuildFile; fileRef = 844CA891234DDB72004593AA /* ARScreenViewController.swift */; };
		844CA899234DDB72004593AA /* ARScreenBuilder.swift in Sources */ = {isa = PBXBuildFile; fileRef = 844CA892234DDB72004593AA /* ARScreenBuilder.swift */; };
		844CA89A234DDB72004593AA /* ARScreenInteractor.swift in Sources */ = {isa = PBXBuildFile; fileRef = 844CA893234DDB72004593AA /* ARScreenInteractor.swift */; };
		844CA89C234ECA5F004593AA /* TestViewController.swift in Sources */ = {isa = PBXBuildFile; fileRef = 844CA89B234ECA5F004593AA /* TestViewController.swift */; };
		84D00652234FF7C30079966C /* VirtualObject.swift in Sources */ = {isa = PBXBuildFile; fileRef = 84D00650234FF7C30079966C /* VirtualObject.swift */; };
		84D00653234FF7C30079966C /* VirtualObjectLoader.swift in Sources */ = {isa = PBXBuildFile; fileRef = 84D00651234FF7C30079966C /* VirtualObjectLoader.swift */; };
		84D00659234FF9310079966C /* VirtualObjectARView.swift in Sources */ = {isa = PBXBuildFile; fileRef = 84D00656234FF9310079966C /* VirtualObjectARView.swift */; };
		84D0065A234FF9310079966C /* VirtualObjectInteraction.swift in Sources */ = {isa = PBXBuildFile; fileRef = 84D00657234FF9310079966C /* VirtualObjectInteraction.swift */; };
		84D0065B234FF9310079966C /* ThresholdPanGesture.swift in Sources */ = {isa = PBXBuildFile; fileRef = 84D00658234FF9310079966C /* ThresholdPanGesture.swift */; };
		84D0065F234FF9890079966C /* FocusSquareSegment.swift in Sources */ = {isa = PBXBuildFile; fileRef = 84D0065D234FF9890079966C /* FocusSquareSegment.swift */; };
		84D00660234FF9890079966C /* FocusSquare.swift in Sources */ = {isa = PBXBuildFile; fileRef = 84D0065E234FF9890079966C /* FocusSquare.swift */; };
		84D00663234FF9E80079966C /* Float.swift in Sources */ = {isa = PBXBuildFile; fileRef = 84D00662234FF9E80079966C /* Float.swift */; };
		84D00665234FFA180079966C /* CGPoint.swift in Sources */ = {isa = PBXBuildFile; fileRef = 84D00664234FFA180079966C /* CGPoint.swift */; };
		84D00667234FFE2D0079966C /* ARScreenStatusViewController.swift in Sources */ = {isa = PBXBuildFile; fileRef = 84D00666234FFE2D0079966C /* ARScreenStatusViewController.swift */; };
		B9B481E38F6628170D529327 /* libPods-EduAR.a in Frameworks */ = {isa = PBXBuildFile; fileRef = 664045ED54889D6881BB730D /* libPods-EduAR.a */; };
		CD8FA0642355CEFE00113792 /* ARScreenViewController+ARSCNViewDelegate.swift in Sources */ = {isa = PBXBuildFile; fileRef = CD8FA0632355CEFE00113792 /* ARScreenViewController+ARSCNViewDelegate.swift */; };
		CD8FA0662355D04200113792 /* ARScreenViewController+CoachingOverlay.swift in Sources */ = {isa = PBXBuildFile; fileRef = CD8FA0652355D04200113792 /* ARScreenViewController+CoachingOverlay.swift */; };
		CD8FA0682355D0E100113792 /* ARScreenViewController+Actions.swift in Sources */ = {isa = PBXBuildFile; fileRef = CD8FA0672355D0E100113792 /* ARScreenViewController+Actions.swift */; };
		CDB634C7235614C800B7E603 /* ARScreenViewController+ObjectSelection.swift in Sources */ = {isa = PBXBuildFile; fileRef = CDB634C6235614C800B7E603 /* ARScreenViewController+ObjectSelection.swift */; };
		CDE651BA23562A1E00F1B74C /* Models.scnassets in Resources */ = {isa = PBXBuildFile; fileRef = CDE651B923562A1E00F1B74C /* Models.scnassets */; };
/* End PBXBuildFile section */

/* Begin PBXContainerItemProxy section */
		8414C91F234D887900E78AF1 /* PBXContainerItemProxy */ = {
			isa = PBXContainerItemProxy;
			containerPortal = 8414C900234D887700E78AF1 /* Project object */;
			proxyType = 1;
			remoteGlobalIDString = 8414C907234D887700E78AF1;
			remoteInfo = EduAR;
		};
/* End PBXContainerItemProxy section */

/* Begin PBXCopyFilesBuildPhase section */
		844CA81F234DCBA7004593AA /* Embed Frameworks */ = {
			isa = PBXCopyFilesBuildPhase;
			buildActionMask = 2147483647;
			dstPath = "";
			dstSubfolderSpec = 10;
			files = (
				844CA81E234DCBA7004593AA /* Common.framework in Embed Frameworks */,
			);
			name = "Embed Frameworks";
			runOnlyForDeploymentPostprocessing = 0;
		};
/* End PBXCopyFilesBuildPhase section */

/* Begin PBXFileReference section */
		174F832C17354BC1E991F32C /* libPods-EduARTests.a */ = {isa = PBXFileReference; explicitFileType = archive.ar; includeInIndex = 0; path = "libPods-EduARTests.a"; sourceTree = BUILT_PRODUCTS_DIR; };
		50300BEBA73D11D10DCC5710 /* Pods-EduAR.release.xcconfig */ = {isa = PBXFileReference; includeInIndex = 1; lastKnownFileType = text.xcconfig; name = "Pods-EduAR.release.xcconfig"; path = "Target Support Files/Pods-EduAR/Pods-EduAR.release.xcconfig"; sourceTree = "<group>"; };
		664045ED54889D6881BB730D /* libPods-EduAR.a */ = {isa = PBXFileReference; explicitFileType = archive.ar; includeInIndex = 0; path = "libPods-EduAR.a"; sourceTree = BUILT_PRODUCTS_DIR; };
		71C905586453D42599364673 /* Pods-EduAR.debug.xcconfig */ = {isa = PBXFileReference; includeInIndex = 1; lastKnownFileType = text.xcconfig; name = "Pods-EduAR.debug.xcconfig"; path = "Target Support Files/Pods-EduAR/Pods-EduAR.debug.xcconfig"; sourceTree = "<group>"; };
		825312C0235DB3B200D15967 /* ARList.storyboard */ = {isa = PBXFileReference; lastKnownFileType = file.storyboard; path = ARList.storyboard; sourceTree = "<group>"; };
		825312C1235DB3B200D15967 /* ARListInterfaces.swift */ = {isa = PBXFileReference; lastKnownFileType = sourcecode.swift; path = ARListInterfaces.swift; sourceTree = "<group>"; };
		825312C2235DB3B200D15967 /* ARListPresenter.swift */ = {isa = PBXFileReference; lastKnownFileType = sourcecode.swift; path = ARListPresenter.swift; sourceTree = "<group>"; };
		825312C3235DB3B200D15967 /* ARListRouter.swift */ = {isa = PBXFileReference; lastKnownFileType = sourcecode.swift; path = ARListRouter.swift; sourceTree = "<group>"; };
		825312C4235DB3B200D15967 /* ARListViewController.swift */ = {isa = PBXFileReference; lastKnownFileType = sourcecode.swift; path = ARListViewController.swift; sourceTree = "<group>"; };
		825312C5235DB3B200D15967 /* ARListBuilder.swift */ = {isa = PBXFileReference; lastKnownFileType = sourcecode.swift; path = ARListBuilder.swift; sourceTree = "<group>"; };
		825312C6235DB3B200D15967 /* ARListInteractor.swift */ = {isa = PBXFileReference; lastKnownFileType = sourcecode.swift; path = ARListInteractor.swift; sourceTree = "<group>"; };
		825312CE235DB58500D15967 /* ARListCell.xib */ = {isa = PBXFileReference; lastKnownFileType = file.xib; path = ARListCell.xib; sourceTree = "<group>"; };
		825312D0235DB70C00D15967 /* ARListCell.swift */ = {isa = PBXFileReference; lastKnownFileType = sourcecode.swift; path = ARListCell.swift; sourceTree = "<group>"; };
		8281FB2A235F031C00CB015A /* ErrorView.storyboard */ = {isa = PBXFileReference; lastKnownFileType = file.storyboard; path = ErrorView.storyboard; sourceTree = "<group>"; };
		8281FB2B235F031C00CB015A /* ErrorViewInterfaces.swift */ = {isa = PBXFileReference; lastKnownFileType = sourcecode.swift; path = ErrorViewInterfaces.swift; sourceTree = "<group>"; };
		8281FB2C235F031C00CB015A /* ErrorViewPresenter.swift */ = {isa = PBXFileReference; lastKnownFileType = sourcecode.swift; path = ErrorViewPresenter.swift; sourceTree = "<group>"; };
		8281FB2D235F031C00CB015A /* ErrorViewRouter.swift */ = {isa = PBXFileReference; lastKnownFileType = sourcecode.swift; path = ErrorViewRouter.swift; sourceTree = "<group>"; };
		8281FB2E235F031C00CB015A /* ErrorViewViewController.swift */ = {isa = PBXFileReference; lastKnownFileType = sourcecode.swift; path = ErrorViewViewController.swift; sourceTree = "<group>"; };
		8281FB2F235F031C00CB015A /* ErrorViewBuilder.swift */ = {isa = PBXFileReference; lastKnownFileType = sourcecode.swift; path = ErrorViewBuilder.swift; sourceTree = "<group>"; };
		8281FB30235F031C00CB015A /* ErrorViewInteractor.swift */ = {isa = PBXFileReference; lastKnownFileType = sourcecode.swift; path = ErrorViewInteractor.swift; sourceTree = "<group>"; };
		84118AE3235EC78000C9FD78 /* GoogleService-Info.plist */ = {isa = PBXFileReference; fileEncoding = 4; lastKnownFileType = text.plist.xml; path = "GoogleService-Info.plist"; sourceTree = "<group>"; };
		8414C908234D887700E78AF1 /* EduAR.app */ = {isa = PBXFileReference; explicitFileType = wrapper.application; includeInIndex = 0; path = EduAR.app; sourceTree = BUILT_PRODUCTS_DIR; };
		8414C90B234D887700E78AF1 /* AppDelegate.swift */ = {isa = PBXFileReference; lastKnownFileType = sourcecode.swift; path = AppDelegate.swift; sourceTree = "<group>"; };
		8414C90D234D887700E78AF1 /* SceneDelegate.swift */ = {isa = PBXFileReference; lastKnownFileType = sourcecode.swift; path = SceneDelegate.swift; sourceTree = "<group>"; };
		8414C912234D887700E78AF1 /* Base */ = {isa = PBXFileReference; lastKnownFileType = file.storyboard; name = Base; path = Base.lproj/Main.storyboard; sourceTree = "<group>"; };
		8414C914234D887800E78AF1 /* Assets.xcassets */ = {isa = PBXFileReference; lastKnownFileType = folder.assetcatalog; path = Assets.xcassets; sourceTree = "<group>"; };
		8414C917234D887800E78AF1 /* Base */ = {isa = PBXFileReference; lastKnownFileType = file.storyboard; name = Base; path = Base.lproj/LaunchScreen.storyboard; sourceTree = "<group>"; };
		8414C919234D887800E78AF1 /* Info.plist */ = {isa = PBXFileReference; lastKnownFileType = text.plist.xml; path = Info.plist; sourceTree = "<group>"; };
		8414C91E234D887900E78AF1 /* EduARTests.xctest */ = {isa = PBXFileReference; explicitFileType = wrapper.cfbundle; includeInIndex = 0; path = EduARTests.xctest; sourceTree = BUILT_PRODUCTS_DIR; };
		8414C922234D887900E78AF1 /* EduARTests.swift */ = {isa = PBXFileReference; lastKnownFileType = sourcecode.swift; path = EduARTests.swift; sourceTree = "<group>"; };
		8414C924234D887900E78AF1 /* Info.plist */ = {isa = PBXFileReference; lastKnownFileType = text.plist.xml; path = Info.plist; sourceTree = "<group>"; };
		844CA818234DCB94004593AA /* Common.framework */ = {isa = PBXFileReference; explicitFileType = wrapper.framework; path = Common.framework; sourceTree = BUILT_PRODUCTS_DIR; };
		844CA81C234DCBA7004593AA /* Common.framework */ = {isa = PBXFileReference; explicitFileType = wrapper.framework; path = Common.framework; sourceTree = BUILT_PRODUCTS_DIR; };
		844CA88D234DDB72004593AA /* ARScreen.storyboard */ = {isa = PBXFileReference; lastKnownFileType = file.storyboard; path = ARScreen.storyboard; sourceTree = "<group>"; };
		844CA88E234DDB72004593AA /* ARScreenInterfaces.swift */ = {isa = PBXFileReference; lastKnownFileType = sourcecode.swift; path = ARScreenInterfaces.swift; sourceTree = "<group>"; };
		844CA88F234DDB72004593AA /* ARScreenPresenter.swift */ = {isa = PBXFileReference; lastKnownFileType = sourcecode.swift; path = ARScreenPresenter.swift; sourceTree = "<group>"; };
		844CA890234DDB72004593AA /* ARScreenRouter.swift */ = {isa = PBXFileReference; lastKnownFileType = sourcecode.swift; path = ARScreenRouter.swift; sourceTree = "<group>"; };
		844CA891234DDB72004593AA /* ARScreenViewController.swift */ = {isa = PBXFileReference; lastKnownFileType = sourcecode.swift; path = ARScreenViewController.swift; sourceTree = "<group>"; };
		844CA892234DDB72004593AA /* ARScreenBuilder.swift */ = {isa = PBXFileReference; lastKnownFileType = sourcecode.swift; path = ARScreenBuilder.swift; sourceTree = "<group>"; };
		844CA893234DDB72004593AA /* ARScreenInteractor.swift */ = {isa = PBXFileReference; lastKnownFileType = sourcecode.swift; path = ARScreenInteractor.swift; sourceTree = "<group>"; };
		844CA89B234ECA5F004593AA /* TestViewController.swift */ = {isa = PBXFileReference; lastKnownFileType = sourcecode.swift; path = TestViewController.swift; sourceTree = "<group>"; };
		84D00650234FF7C30079966C /* VirtualObject.swift */ = {isa = PBXFileReference; fileEncoding = 4; lastKnownFileType = sourcecode.swift; path = VirtualObject.swift; sourceTree = "<group>"; };
		84D00651234FF7C30079966C /* VirtualObjectLoader.swift */ = {isa = PBXFileReference; fileEncoding = 4; lastKnownFileType = sourcecode.swift; path = VirtualObjectLoader.swift; sourceTree = "<group>"; };
		84D00656234FF9310079966C /* VirtualObjectARView.swift */ = {isa = PBXFileReference; fileEncoding = 4; lastKnownFileType = sourcecode.swift; path = VirtualObjectARView.swift; sourceTree = "<group>"; };
		84D00657234FF9310079966C /* VirtualObjectInteraction.swift */ = {isa = PBXFileReference; fileEncoding = 4; lastKnownFileType = sourcecode.swift; path = VirtualObjectInteraction.swift; sourceTree = "<group>"; };
		84D00658234FF9310079966C /* ThresholdPanGesture.swift */ = {isa = PBXFileReference; fileEncoding = 4; lastKnownFileType = sourcecode.swift; path = ThresholdPanGesture.swift; sourceTree = "<group>"; };
		84D0065D234FF9890079966C /* FocusSquareSegment.swift */ = {isa = PBXFileReference; fileEncoding = 4; lastKnownFileType = sourcecode.swift; path = FocusSquareSegment.swift; sourceTree = "<group>"; };
		84D0065E234FF9890079966C /* FocusSquare.swift */ = {isa = PBXFileReference; fileEncoding = 4; lastKnownFileType = sourcecode.swift; path = FocusSquare.swift; sourceTree = "<group>"; };
		84D00662234FF9E80079966C /* Float.swift */ = {isa = PBXFileReference; lastKnownFileType = sourcecode.swift; path = Float.swift; sourceTree = "<group>"; };
		84D00664234FFA180079966C /* CGPoint.swift */ = {isa = PBXFileReference; lastKnownFileType = sourcecode.swift; path = CGPoint.swift; sourceTree = "<group>"; };
		84D00666234FFE2D0079966C /* ARScreenStatusViewController.swift */ = {isa = PBXFileReference; lastKnownFileType = sourcecode.swift; path = ARScreenStatusViewController.swift; sourceTree = "<group>"; };
		A9020C540A7F6C6B58E5B04F /* Pods-EduARTests.debug.xcconfig */ = {isa = PBXFileReference; includeInIndex = 1; lastKnownFileType = text.xcconfig; name = "Pods-EduARTests.debug.xcconfig"; path = "Target Support Files/Pods-EduARTests/Pods-EduARTests.debug.xcconfig"; sourceTree = "<group>"; };
		CD8FA0632355CEFE00113792 /* ARScreenViewController+ARSCNViewDelegate.swift */ = {isa = PBXFileReference; lastKnownFileType = sourcecode.swift; path = "ARScreenViewController+ARSCNViewDelegate.swift"; sourceTree = "<group>"; };
		CD8FA0652355D04200113792 /* ARScreenViewController+CoachingOverlay.swift */ = {isa = PBXFileReference; lastKnownFileType = sourcecode.swift; path = "ARScreenViewController+CoachingOverlay.swift"; sourceTree = "<group>"; };
		CD8FA0672355D0E100113792 /* ARScreenViewController+Actions.swift */ = {isa = PBXFileReference; lastKnownFileType = sourcecode.swift; path = "ARScreenViewController+Actions.swift"; sourceTree = "<group>"; };
		CDB634C6235614C800B7E603 /* ARScreenViewController+ObjectSelection.swift */ = {isa = PBXFileReference; lastKnownFileType = sourcecode.swift; path = "ARScreenViewController+ObjectSelection.swift"; sourceTree = "<group>"; };
		CDE651B923562A1E00F1B74C /* Models.scnassets */ = {isa = PBXFileReference; lastKnownFileType = wrapper.scnassets; path = Models.scnassets; sourceTree = "<group>"; };
		D0201F6725F9475237984B3A /* Pods-EduARTests.release.xcconfig */ = {isa = PBXFileReference; includeInIndex = 1; lastKnownFileType = text.xcconfig; name = "Pods-EduARTests.release.xcconfig"; path = "Target Support Files/Pods-EduARTests/Pods-EduARTests.release.xcconfig"; sourceTree = "<group>"; };
/* End PBXFileReference section */

/* Begin PBXFrameworksBuildPhase section */
		8414C905234D887700E78AF1 /* Frameworks */ = {
			isa = PBXFrameworksBuildPhase;
			buildActionMask = 2147483647;
			files = (
				844CA81D234DCBA7004593AA /* Common.framework in Frameworks */,
				B9B481E38F6628170D529327 /* libPods-EduAR.a in Frameworks */,
			);
			runOnlyForDeploymentPostprocessing = 0;
		};
		8414C91B234D887900E78AF1 /* Frameworks */ = {
			isa = PBXFrameworksBuildPhase;
			buildActionMask = 2147483647;
			files = (
				102CA83AC221E29E3DBC5AD0 /* libPods-EduARTests.a in Frameworks */,
			);
			runOnlyForDeploymentPostprocessing = 0;
		};
/* End PBXFrameworksBuildPhase section */

/* Begin PBXGroup section */
		825312BF235DB37F00D15967 /* ARList */ = {
			isa = PBXGroup;
			children = (
				825312C0235DB3B200D15967 /* ARList.storyboard */,
				825312CE235DB58500D15967 /* ARListCell.xib */,
				825312D0235DB70C00D15967 /* ARListCell.swift */,
				825312C1235DB3B200D15967 /* ARListInterfaces.swift */,
				825312C2235DB3B200D15967 /* ARListPresenter.swift */,
				825312C3235DB3B200D15967 /* ARListRouter.swift */,
				825312C4235DB3B200D15967 /* ARListViewController.swift */,
				825312C5235DB3B200D15967 /* ARListBuilder.swift */,
				825312C6235DB3B200D15967 /* ARListInteractor.swift */,
			);
			path = ARList;
			sourceTree = "<group>";
		};
		8281FB29235F02C500CB015A /* ErrorView */ = {
			isa = PBXGroup;
			children = (
				8281FB2A235F031C00CB015A /* ErrorView.storyboard */,
				8281FB2B235F031C00CB015A /* ErrorViewInterfaces.swift */,
				8281FB2C235F031C00CB015A /* ErrorViewPresenter.swift */,
				8281FB2D235F031C00CB015A /* ErrorViewRouter.swift */,
				8281FB2E235F031C00CB015A /* ErrorViewViewController.swift */,
				8281FB2F235F031C00CB015A /* ErrorViewBuilder.swift */,
				8281FB30235F031C00CB015A /* ErrorViewInteractor.swift */,
			);
			path = ErrorView;
			sourceTree = "<group>";
		};
		8414C8FF234D887700E78AF1 = {
			isa = PBXGroup;
			children = (
				8414C90A234D887700E78AF1 /* EduAR */,
				8414C921234D887900E78AF1 /* EduARTests */,
				8414C909234D887700E78AF1 /* Products */,
				844CA817234DCB94004593AA /* Frameworks */,
				F20ABC25B45F2DA4D883C1A7 /* Pods */,
			);
			sourceTree = "<group>";
		};
		8414C909234D887700E78AF1 /* Products */ = {
			isa = PBXGroup;
			children = (
				8414C908234D887700E78AF1 /* EduAR.app */,
				8414C91E234D887900E78AF1 /* EduARTests.xctest */,
			);
			name = Products;
			sourceTree = "<group>";
		};
		8414C90A234D887700E78AF1 /* EduAR */ = {
			isa = PBXGroup;
			children = (
				CDB634C8235616BC00B7E603 /* Resources */,
				84D00661234FF9D80079966C /* Extensions */,
				8281FB29235F02C500CB015A /* ErrorView */,
				825312BF235DB37F00D15967 /* ARList */,
				844CA85C234DD8EB004593AA /* ARScreen */,
				8414C90B234D887700E78AF1 /* AppDelegate.swift */,
				8414C90D234D887700E78AF1 /* SceneDelegate.swift */,
				844CA89B234ECA5F004593AA /* TestViewController.swift */,
				8414C911234D887700E78AF1 /* Main.storyboard */,
				8414C916234D887800E78AF1 /* LaunchScreen.storyboard */,
				8414C919234D887800E78AF1 /* Info.plist */,
			);
			path = EduAR;
			sourceTree = "<group>";
		};
		8414C921234D887900E78AF1 /* EduARTests */ = {
			isa = PBXGroup;
			children = (
				8414C922234D887900E78AF1 /* EduARTests.swift */,
				8414C924234D887900E78AF1 /* Info.plist */,
			);
			path = EduARTests;
			sourceTree = "<group>";
		};
		844CA817234DCB94004593AA /* Frameworks */ = {
			isa = PBXGroup;
			children = (
				844CA81C234DCBA7004593AA /* Common.framework */,
				844CA818234DCB94004593AA /* Common.framework */,
				664045ED54889D6881BB730D /* libPods-EduAR.a */,
				174F832C17354BC1E991F32C /* libPods-EduARTests.a */,
			);
			name = Frameworks;
			sourceTree = "<group>";
		};
		844CA85C234DD8EB004593AA /* ARScreen */ = {
			isa = PBXGroup;
			children = (
				84D0065C234FF9750079966C /* FocusSquare */,
				84D0064F234FF7B10079966C /* VirtualObject */,
				844CA88D234DDB72004593AA /* ARScreen.storyboard */,
				844CA892234DDB72004593AA /* ARScreenBuilder.swift */,
				844CA893234DDB72004593AA /* ARScreenInteractor.swift */,
				844CA88E234DDB72004593AA /* ARScreenInterfaces.swift */,
				844CA88F234DDB72004593AA /* ARScreenPresenter.swift */,
				844CA890234DDB72004593AA /* ARScreenRouter.swift */,
				844CA891234DDB72004593AA /* ARScreenViewController.swift */,
				CD8FA0672355D0E100113792 /* ARScreenViewController+Actions.swift */,
				CD8FA0632355CEFE00113792 /* ARScreenViewController+ARSCNViewDelegate.swift */,
				CD8FA0652355D04200113792 /* ARScreenViewController+CoachingOverlay.swift */,
				CDB634C6235614C800B7E603 /* ARScreenViewController+ObjectSelection.swift */,
				84D00658234FF9310079966C /* ThresholdPanGesture.swift */,
				84D00656234FF9310079966C /* VirtualObjectARView.swift */,
				84D00657234FF9310079966C /* VirtualObjectInteraction.swift */,
				84D00666234FFE2D0079966C /* ARScreenStatusViewController.swift */,
			);
			path = ARScreen;
			sourceTree = "<group>";
		};
		84D0064F234FF7B10079966C /* VirtualObject */ = {
			isa = PBXGroup;
			children = (
				84D00650234FF7C30079966C /* VirtualObject.swift */,
				84D00651234FF7C30079966C /* VirtualObjectLoader.swift */,
			);
			path = VirtualObject;
			sourceTree = "<group>";
		};
		84D0065C234FF9750079966C /* FocusSquare */ = {
			isa = PBXGroup;
			children = (
				84D0065E234FF9890079966C /* FocusSquare.swift */,
				84D0065D234FF9890079966C /* FocusSquareSegment.swift */,
			);
			path = FocusSquare;
			sourceTree = "<group>";
		};
		84D00661234FF9D80079966C /* Extensions */ = {
			isa = PBXGroup;
			children = (
				84D00662234FF9E80079966C /* Float.swift */,
				84D00664234FFA180079966C /* CGPoint.swift */,
			);
			path = Extensions;
			sourceTree = "<group>";
		};
		CDB634C8235616BC00B7E603 /* Resources */ = {
			isa = PBXGroup;
			children = (
				84118AE3235EC78000C9FD78 /* GoogleService-Info.plist */,
				8414C914234D887800E78AF1 /* Assets.xcassets */,
				CDE651B923562A1E00F1B74C /* Models.scnassets */,
			);
			path = Resources;
			sourceTree = "<group>";
		};
		F20ABC25B45F2DA4D883C1A7 /* Pods */ = {
			isa = PBXGroup;
			children = (
				71C905586453D42599364673 /* Pods-EduAR.debug.xcconfig */,
				50300BEBA73D11D10DCC5710 /* Pods-EduAR.release.xcconfig */,
				A9020C540A7F6C6B58E5B04F /* Pods-EduARTests.debug.xcconfig */,
				D0201F6725F9475237984B3A /* Pods-EduARTests.release.xcconfig */,
			);
			name = Pods;
			path = ../Pods;
			sourceTree = "<group>";
		};
/* End PBXGroup section */

/* Begin PBXNativeTarget section */
		8414C907234D887700E78AF1 /* EduAR */ = {
			isa = PBXNativeTarget;
			buildConfigurationList = 8414C927234D887900E78AF1 /* Build configuration list for PBXNativeTarget "EduAR" */;
			buildPhases = (
				A87E3E895B74C12C8DDAD666 /* [CP] Check Pods Manifest.lock */,
				8414C904234D887700E78AF1 /* Sources */,
				8414C905234D887700E78AF1 /* Frameworks */,
				8414C906234D887700E78AF1 /* Resources */,
				844CA81F234DCBA7004593AA /* Embed Frameworks */,
			);
			buildRules = (
			);
			dependencies = (
			);
			name = EduAR;
			productName = EduAR;
			productReference = 8414C908234D887700E78AF1 /* EduAR.app */;
			productType = "com.apple.product-type.application";
		};
		8414C91D234D887900E78AF1 /* EduARTests */ = {
			isa = PBXNativeTarget;
			buildConfigurationList = 8414C92A234D887900E78AF1 /* Build configuration list for PBXNativeTarget "EduARTests" */;
			buildPhases = (
				9CBA0177E3414F7903270DCE /* [CP] Check Pods Manifest.lock */,
				8414C91A234D887900E78AF1 /* Sources */,
				8414C91B234D887900E78AF1 /* Frameworks */,
				8414C91C234D887900E78AF1 /* Resources */,
			);
			buildRules = (
			);
			dependencies = (
				8414C920234D887900E78AF1 /* PBXTargetDependency */,
			);
			name = EduARTests;
			productName = EduARTests;
			productReference = 8414C91E234D887900E78AF1 /* EduARTests.xctest */;
			productType = "com.apple.product-type.bundle.unit-test";
		};
/* End PBXNativeTarget section */

/* Begin PBXProject section */
		8414C900234D887700E78AF1 /* Project object */ = {
			isa = PBXProject;
			attributes = {
				LastSwiftUpdateCheck = 1100;
				LastUpgradeCheck = 1100;
				ORGANIZATIONNAME = iic;
				TargetAttributes = {
					8414C907234D887700E78AF1 = {
						CreatedOnToolsVersion = 11.0;
					};
					8414C91D234D887900E78AF1 = {
						CreatedOnToolsVersion = 11.0;
						TestTargetID = 8414C907234D887700E78AF1;
					};
				};
			};
			buildConfigurationList = 8414C903234D887700E78AF1 /* Build configuration list for PBXProject "EduAR" */;
			compatibilityVersion = "Xcode 9.3";
			developmentRegion = en;
			hasScannedForEncodings = 0;
			knownRegions = (
				en,
				Base,
			);
			mainGroup = 8414C8FF234D887700E78AF1;
			productRefGroup = 8414C909234D887700E78AF1 /* Products */;
			projectDirPath = "";
			projectRoot = "";
			targets = (
				8414C907234D887700E78AF1 /* EduAR */,
				8414C91D234D887900E78AF1 /* EduARTests */,
			);
		};
/* End PBXProject section */

/* Begin PBXResourcesBuildPhase section */
		8414C906234D887700E78AF1 /* Resources */ = {
			isa = PBXResourcesBuildPhase;
			buildActionMask = 2147483647;
			files = (
				825312CF235DB58500D15967 /* ARListCell.xib in Resources */,
				84118AE4235EC78000C9FD78 /* GoogleService-Info.plist in Resources */,
				8414C918234D887800E78AF1 /* LaunchScreen.storyboard in Resources */,
				844CA894234DDB72004593AA /* ARScreen.storyboard in Resources */,
				8414C915234D887800E78AF1 /* Assets.xcassets in Resources */,
				825312C7235DB3B200D15967 /* ARList.storyboard in Resources */,
				8281FB31235F031C00CB015A /* ErrorView.storyboard in Resources */,
				CDE651BA23562A1E00F1B74C /* Models.scnassets in Resources */,
				8414C913234D887700E78AF1 /* Main.storyboard in Resources */,
			);
			runOnlyForDeploymentPostprocessing = 0;
		};
		8414C91C234D887900E78AF1 /* Resources */ = {
			isa = PBXResourcesBuildPhase;
			buildActionMask = 2147483647;
			files = (
			);
			runOnlyForDeploymentPostprocessing = 0;
		};
/* End PBXResourcesBuildPhase section */

/* Begin PBXShellScriptBuildPhase section */
		9CBA0177E3414F7903270DCE /* [CP] Check Pods Manifest.lock */ = {
			isa = PBXShellScriptBuildPhase;
			buildActionMask = 2147483647;
			files = (
			);
			inputFileListPaths = (
			);
			inputPaths = (
				"${PODS_PODFILE_DIR_PATH}/Podfile.lock",
				"${PODS_ROOT}/Manifest.lock",
			);
			name = "[CP] Check Pods Manifest.lock";
			outputFileListPaths = (
			);
			outputPaths = (
				"$(DERIVED_FILE_DIR)/Pods-EduARTests-checkManifestLockResult.txt",
			);
			runOnlyForDeploymentPostprocessing = 0;
			shellPath = /bin/sh;
			shellScript = "diff \"${PODS_PODFILE_DIR_PATH}/Podfile.lock\" \"${PODS_ROOT}/Manifest.lock\" > /dev/null\nif [ $? != 0 ] ; then\n    # print error to STDERR\n    echo \"error: The sandbox is not in sync with the Podfile.lock. Run 'pod install' or update your CocoaPods installation.\" >&2\n    exit 1\nfi\n# This output is used by Xcode 'outputs' to avoid re-running this script phase.\necho \"SUCCESS\" > \"${SCRIPT_OUTPUT_FILE_0}\"\n";
			showEnvVarsInLog = 0;
		};
		A87E3E895B74C12C8DDAD666 /* [CP] Check Pods Manifest.lock */ = {
			isa = PBXShellScriptBuildPhase;
			buildActionMask = 2147483647;
			files = (
			);
			inputFileListPaths = (
			);
			inputPaths = (
				"${PODS_PODFILE_DIR_PATH}/Podfile.lock",
				"${PODS_ROOT}/Manifest.lock",
			);
			name = "[CP] Check Pods Manifest.lock";
			outputFileListPaths = (
			);
			outputPaths = (
				"$(DERIVED_FILE_DIR)/Pods-EduAR-checkManifestLockResult.txt",
			);
			runOnlyForDeploymentPostprocessing = 0;
			shellPath = /bin/sh;
			shellScript = "diff \"${PODS_PODFILE_DIR_PATH}/Podfile.lock\" \"${PODS_ROOT}/Manifest.lock\" > /dev/null\nif [ $? != 0 ] ; then\n    # print error to STDERR\n    echo \"error: The sandbox is not in sync with the Podfile.lock. Run 'pod install' or update your CocoaPods installation.\" >&2\n    exit 1\nfi\n# This output is used by Xcode 'outputs' to avoid re-running this script phase.\necho \"SUCCESS\" > \"${SCRIPT_OUTPUT_FILE_0}\"\n";
			showEnvVarsInLog = 0;
		};
/* End PBXShellScriptBuildPhase section */

/* Begin PBXSourcesBuildPhase section */
		8414C904234D887700E78AF1 /* Sources */ = {
			isa = PBXSourcesBuildPhase;
			buildActionMask = 2147483647;
			files = (
				84D00659234FF9310079966C /* VirtualObjectARView.swift in Sources */,
				84D0065B234FF9310079966C /* ThresholdPanGesture.swift in Sources */,
				CDB634C7235614C800B7E603 /* ARScreenViewController+ObjectSelection.swift in Sources */,
				84D00652234FF7C30079966C /* VirtualObject.swift in Sources */,
				825312C8235DB3B200D15967 /* ARListInterfaces.swift in Sources */,
				84D0065A234FF9310079966C /* VirtualObjectInteraction.swift in Sources */,
				84D00667234FFE2D0079966C /* ARScreenStatusViewController.swift in Sources */,
				84D00665234FFA180079966C /* CGPoint.swift in Sources */,
				844CA896234DDB72004593AA /* ARScreenPresenter.swift in Sources */,
				844CA89A234DDB72004593AA /* ARScreenInteractor.swift in Sources */,
				CD8FA0662355D04200113792 /* ARScreenViewController+CoachingOverlay.swift in Sources */,
				8281FB34235F031C00CB015A /* ErrorViewRouter.swift in Sources */,
				CD8FA0642355CEFE00113792 /* ARScreenViewController+ARSCNViewDelegate.swift in Sources */,
				825312CC235DB3B200D15967 /* ARListBuilder.swift in Sources */,
				844CA897234DDB72004593AA /* ARScreenRouter.swift in Sources */,
				825312C9235DB3B200D15967 /* ARListPresenter.swift in Sources */,
				844CA899234DDB72004593AA /* ARScreenBuilder.swift in Sources */,
				8281FB33235F031C00CB015A /* ErrorViewPresenter.swift in Sources */,
				8414C90C234D887700E78AF1 /* AppDelegate.swift in Sources */,
				844CA895234DDB72004593AA /* ARScreenInterfaces.swift in Sources */,
				84D0065F234FF9890079966C /* FocusSquareSegment.swift in Sources */,
				8281FB36235F031C00CB015A /* ErrorViewBuilder.swift in Sources */,
				84D00663234FF9E80079966C /* Float.swift in Sources */,
				825312CA235DB3B200D15967 /* ARListRouter.swift in Sources */,
				84D00653234FF7C30079966C /* VirtualObjectLoader.swift in Sources */,
				8281FB32235F031C00CB015A /* ErrorViewInterfaces.swift in Sources */,
				825312D1235DB70C00D15967 /* ARListCell.swift in Sources */,
				CD8FA0682355D0E100113792 /* ARScreenViewController+Actions.swift in Sources */,
				8281FB37235F031C00CB015A /* ErrorViewInteractor.swift in Sources */,
				844CA898234DDB72004593AA /* ARScreenViewController.swift in Sources */,
				8281FB35235F031C00CB015A /* ErrorViewViewController.swift in Sources */,
				84D00660234FF9890079966C /* FocusSquare.swift in Sources */,
				844CA89C234ECA5F004593AA /* TestViewController.swift in Sources */,
				825312CB235DB3B200D15967 /* ARListViewController.swift in Sources */,
				8414C90E234D887700E78AF1 /* SceneDelegate.swift in Sources */,
				825312CD235DB3B200D15967 /* ARListInteractor.swift in Sources */,
			);
			runOnlyForDeploymentPostprocessing = 0;
		};
		8414C91A234D887900E78AF1 /* Sources */ = {
			isa = PBXSourcesBuildPhase;
			buildActionMask = 2147483647;
			files = (
				8414C923234D887900E78AF1 /* EduARTests.swift in Sources */,
			);
			runOnlyForDeploymentPostprocessing = 0;
		};
/* End PBXSourcesBuildPhase section */

/* Begin PBXTargetDependency section */
		8414C920234D887900E78AF1 /* PBXTargetDependency */ = {
			isa = PBXTargetDependency;
			target = 8414C907234D887700E78AF1 /* EduAR */;
			targetProxy = 8414C91F234D887900E78AF1 /* PBXContainerItemProxy */;
		};
/* End PBXTargetDependency section */

/* Begin PBXVariantGroup section */
		8414C911234D887700E78AF1 /* Main.storyboard */ = {
			isa = PBXVariantGroup;
			children = (
				8414C912234D887700E78AF1 /* Base */,
			);
			name = Main.storyboard;
			sourceTree = "<group>";
		};
		8414C916234D887800E78AF1 /* LaunchScreen.storyboard */ = {
			isa = PBXVariantGroup;
			children = (
				8414C917234D887800E78AF1 /* Base */,
			);
			name = LaunchScreen.storyboard;
			sourceTree = "<group>";
		};
/* End PBXVariantGroup section */

/* Begin XCBuildConfiguration section */
		8414C925234D887900E78AF1 /* Debug */ = {
			isa = XCBuildConfiguration;
			buildSettings = {
				ALWAYS_SEARCH_USER_PATHS = NO;
				CLANG_ANALYZER_NONNULL = YES;
				CLANG_ANALYZER_NUMBER_OBJECT_CONVERSION = YES_AGGRESSIVE;
				CLANG_CXX_LANGUAGE_STANDARD = "gnu++14";
				CLANG_CXX_LIBRARY = "libc++";
				CLANG_ENABLE_MODULES = YES;
				CLANG_ENABLE_OBJC_ARC = YES;
				CLANG_ENABLE_OBJC_WEAK = YES;
				CLANG_WARN_BLOCK_CAPTURE_AUTORELEASING = YES;
				CLANG_WARN_BOOL_CONVERSION = YES;
				CLANG_WARN_COMMA = YES;
				CLANG_WARN_CONSTANT_CONVERSION = YES;
				CLANG_WARN_DEPRECATED_OBJC_IMPLEMENTATIONS = YES;
				CLANG_WARN_DIRECT_OBJC_ISA_USAGE = YES_ERROR;
				CLANG_WARN_DOCUMENTATION_COMMENTS = YES;
				CLANG_WARN_EMPTY_BODY = YES;
				CLANG_WARN_ENUM_CONVERSION = YES;
				CLANG_WARN_INFINITE_RECURSION = YES;
				CLANG_WARN_INT_CONVERSION = YES;
				CLANG_WARN_NON_LITERAL_NULL_CONVERSION = YES;
				CLANG_WARN_OBJC_IMPLICIT_RETAIN_SELF = YES;
				CLANG_WARN_OBJC_LITERAL_CONVERSION = YES;
				CLANG_WARN_OBJC_ROOT_CLASS = YES_ERROR;
				CLANG_WARN_RANGE_LOOP_ANALYSIS = YES;
				CLANG_WARN_STRICT_PROTOTYPES = YES;
				CLANG_WARN_SUSPICIOUS_MOVE = YES;
				CLANG_WARN_UNGUARDED_AVAILABILITY = YES_AGGRESSIVE;
				CLANG_WARN_UNREACHABLE_CODE = YES;
				CLANG_WARN__DUPLICATE_METHOD_MATCH = YES;
				COPY_PHASE_STRIP = NO;
				DEBUG_INFORMATION_FORMAT = dwarf;
				ENABLE_STRICT_OBJC_MSGSEND = YES;
				ENABLE_TESTABILITY = YES;
				GCC_C_LANGUAGE_STANDARD = gnu11;
				GCC_DYNAMIC_NO_PIC = NO;
				GCC_NO_COMMON_BLOCKS = YES;
				GCC_OPTIMIZATION_LEVEL = 0;
				GCC_PREPROCESSOR_DEFINITIONS = (
					"DEBUG=1",
					"$(inherited)",
				);
				GCC_WARN_64_TO_32_BIT_CONVERSION = YES;
				GCC_WARN_ABOUT_RETURN_TYPE = YES_ERROR;
				GCC_WARN_UNDECLARED_SELECTOR = YES;
				GCC_WARN_UNINITIALIZED_AUTOS = YES_AGGRESSIVE;
				GCC_WARN_UNUSED_FUNCTION = YES;
				GCC_WARN_UNUSED_VARIABLE = YES;
				IPHONEOS_DEPLOYMENT_TARGET = 13.0;
				MTL_ENABLE_DEBUG_INFO = INCLUDE_SOURCE;
				MTL_FAST_MATH = YES;
				ONLY_ACTIVE_ARCH = YES;
				SDKROOT = iphoneos;
				SWIFT_ACTIVE_COMPILATION_CONDITIONS = DEBUG;
				SWIFT_OPTIMIZATION_LEVEL = "-Onone";
			};
			name = Debug;
		};
		8414C926234D887900E78AF1 /* Release */ = {
			isa = XCBuildConfiguration;
			buildSettings = {
				ALWAYS_SEARCH_USER_PATHS = NO;
				CLANG_ANALYZER_NONNULL = YES;
				CLANG_ANALYZER_NUMBER_OBJECT_CONVERSION = YES_AGGRESSIVE;
				CLANG_CXX_LANGUAGE_STANDARD = "gnu++14";
				CLANG_CXX_LIBRARY = "libc++";
				CLANG_ENABLE_MODULES = YES;
				CLANG_ENABLE_OBJC_ARC = YES;
				CLANG_ENABLE_OBJC_WEAK = YES;
				CLANG_WARN_BLOCK_CAPTURE_AUTORELEASING = YES;
				CLANG_WARN_BOOL_CONVERSION = YES;
				CLANG_WARN_COMMA = YES;
				CLANG_WARN_CONSTANT_CONVERSION = YES;
				CLANG_WARN_DEPRECATED_OBJC_IMPLEMENTATIONS = YES;
				CLANG_WARN_DIRECT_OBJC_ISA_USAGE = YES_ERROR;
				CLANG_WARN_DOCUMENTATION_COMMENTS = YES;
				CLANG_WARN_EMPTY_BODY = YES;
				CLANG_WARN_ENUM_CONVERSION = YES;
				CLANG_WARN_INFINITE_RECURSION = YES;
				CLANG_WARN_INT_CONVERSION = YES;
				CLANG_WARN_NON_LITERAL_NULL_CONVERSION = YES;
				CLANG_WARN_OBJC_IMPLICIT_RETAIN_SELF = YES;
				CLANG_WARN_OBJC_LITERAL_CONVERSION = YES;
				CLANG_WARN_OBJC_ROOT_CLASS = YES_ERROR;
				CLANG_WARN_RANGE_LOOP_ANALYSIS = YES;
				CLANG_WARN_STRICT_PROTOTYPES = YES;
				CLANG_WARN_SUSPICIOUS_MOVE = YES;
				CLANG_WARN_UNGUARDED_AVAILABILITY = YES_AGGRESSIVE;
				CLANG_WARN_UNREACHABLE_CODE = YES;
				CLANG_WARN__DUPLICATE_METHOD_MATCH = YES;
				COPY_PHASE_STRIP = NO;
				DEBUG_INFORMATION_FORMAT = "dwarf-with-dsym";
				ENABLE_NS_ASSERTIONS = NO;
				ENABLE_STRICT_OBJC_MSGSEND = YES;
				GCC_C_LANGUAGE_STANDARD = gnu11;
				GCC_NO_COMMON_BLOCKS = YES;
				GCC_WARN_64_TO_32_BIT_CONVERSION = YES;
				GCC_WARN_ABOUT_RETURN_TYPE = YES_ERROR;
				GCC_WARN_UNDECLARED_SELECTOR = YES;
				GCC_WARN_UNINITIALIZED_AUTOS = YES_AGGRESSIVE;
				GCC_WARN_UNUSED_FUNCTION = YES;
				GCC_WARN_UNUSED_VARIABLE = YES;
				IPHONEOS_DEPLOYMENT_TARGET = 13.0;
				MTL_ENABLE_DEBUG_INFO = NO;
				MTL_FAST_MATH = YES;
				SDKROOT = iphoneos;
				SWIFT_COMPILATION_MODE = wholemodule;
				SWIFT_OPTIMIZATION_LEVEL = "-O";
				VALIDATE_PRODUCT = YES;
			};
			name = Release;
		};
		8414C928234D887900E78AF1 /* Debug */ = {
			isa = XCBuildConfiguration;
			baseConfigurationReference = 71C905586453D42599364673 /* Pods-EduAR.debug.xcconfig */;
			buildSettings = {
				ASSETCATALOG_COMPILER_APPICON_NAME = AppIcon;
				CODE_SIGN_STYLE = Automatic;
				DEVELOPMENT_TEAM = 7TK32MKP4J;
				INFOPLIST_FILE = EduAR/Info.plist;
				LD_RUNPATH_SEARCH_PATHS = (
					"$(inherited)",
					"@executable_path/Frameworks",
				);
				MARKETING_VERSION = 0.1;
				PRODUCT_BUNDLE_IDENTIFIER = com.iic.EduAR;
				PRODUCT_NAME = "$(TARGET_NAME)";
				SWIFT_VERSION = 5.0;
				TARGETED_DEVICE_FAMILY = "1,2";
			};
			name = Debug;
		};
		8414C929234D887900E78AF1 /* Release */ = {
			isa = XCBuildConfiguration;
			baseConfigurationReference = 50300BEBA73D11D10DCC5710 /* Pods-EduAR.release.xcconfig */;
			buildSettings = {
				ASSETCATALOG_COMPILER_APPICON_NAME = AppIcon;
				CODE_SIGN_STYLE = Automatic;
				DEVELOPMENT_TEAM = 7TK32MKP4J;
				INFOPLIST_FILE = EduAR/Info.plist;
				LD_RUNPATH_SEARCH_PATHS = (
					"$(inherited)",
					"@executable_path/Frameworks",
				);
				MARKETING_VERSION = 0.1;
				PRODUCT_BUNDLE_IDENTIFIER = com.iic.EduAR;
				PRODUCT_NAME = "$(TARGET_NAME)";
				SWIFT_VERSION = 5.0;
				TARGETED_DEVICE_FAMILY = "1,2";
			};
			name = Release;
		};
		8414C92B234D887900E78AF1 /* Debug */ = {
			isa = XCBuildConfiguration;
			baseConfigurationReference = A9020C540A7F6C6B58E5B04F /* Pods-EduARTests.debug.xcconfig */;
			buildSettings = {
				ALWAYS_EMBED_SWIFT_STANDARD_LIBRARIES = YES;
				BUNDLE_LOADER = "$(TEST_HOST)";
				CODE_SIGN_STYLE = Automatic;
				DEVELOPMENT_TEAM = 7TK32MKP4J;
				INFOPLIST_FILE = EduARTests/Info.plist;
				IPHONEOS_DEPLOYMENT_TARGET = 13.0;
				LD_RUNPATH_SEARCH_PATHS = (
					"$(inherited)",
					"@executable_path/Frameworks",
					"@loader_path/Frameworks",
				);
				PRODUCT_BUNDLE_IDENTIFIER = com.iic.EduARTests;
				PRODUCT_NAME = "$(TARGET_NAME)";
				SWIFT_VERSION = 5.0;
				TARGETED_DEVICE_FAMILY = "1,2";
				TEST_HOST = "$(BUILT_PRODUCTS_DIR)/EduAR.app/EduAR";
			};
			name = Debug;
		};
		8414C92C234D887900E78AF1 /* Release */ = {
			isa = XCBuildConfiguration;
			baseConfigurationReference = D0201F6725F9475237984B3A /* Pods-EduARTests.release.xcconfig */;
			buildSettings = {
				ALWAYS_EMBED_SWIFT_STANDARD_LIBRARIES = YES;
				BUNDLE_LOADER = "$(TEST_HOST)";
				CODE_SIGN_STYLE = Automatic;
				DEVELOPMENT_TEAM = 7TK32MKP4J;
				INFOPLIST_FILE = EduARTests/Info.plist;
				IPHONEOS_DEPLOYMENT_TARGET = 13.0;
				LD_RUNPATH_SEARCH_PATHS = (
					"$(inherited)",
					"@executable_path/Frameworks",
					"@loader_path/Frameworks",
				);
				PRODUCT_BUNDLE_IDENTIFIER = com.iic.EduARTests;
				PRODUCT_NAME = "$(TARGET_NAME)";
				SWIFT_VERSION = 5.0;
				TARGETED_DEVICE_FAMILY = "1,2";
				TEST_HOST = "$(BUILT_PRODUCTS_DIR)/EduAR.app/EduAR";
			};
			name = Release;
		};
/* End XCBuildConfiguration section */

/* Begin XCConfigurationList section */
		8414C903234D887700E78AF1 /* Build configuration list for PBXProject "EduAR" */ = {
			isa = XCConfigurationList;
			buildConfigurations = (
				8414C925234D887900E78AF1 /* Debug */,
				8414C926234D887900E78AF1 /* Release */,
			);
			defaultConfigurationIsVisible = 0;
			defaultConfigurationName = Release;
		};
		8414C927234D887900E78AF1 /* Build configuration list for PBXNativeTarget "EduAR" */ = {
			isa = XCConfigurationList;
			buildConfigurations = (
				8414C928234D887900E78AF1 /* Debug */,
				8414C929234D887900E78AF1 /* Release */,
			);
			defaultConfigurationIsVisible = 0;
			defaultConfigurationName = Release;
		};
		8414C92A234D887900E78AF1 /* Build configuration list for PBXNativeTarget "EduARTests" */ = {
			isa = XCConfigurationList;
			buildConfigurations = (
				8414C92B234D887900E78AF1 /* Debug */,
				8414C92C234D887900E78AF1 /* Release */,
			);
			defaultConfigurationIsVisible = 0;
			defaultConfigurationName = Release;
		};
/* End XCConfigurationList section */
	};
	rootObject = 8414C900234D887700E78AF1 /* Project object */;
}
